
Microsoft Visual Studio Solution File, Format Version 12.00
# Visual Studio 2012
Project("{FAE04EC0-301F-11D3-BF4B-00C04F79EFBC}") = "ProductsManager", "ProductsManager\ProductsManager.csproj", "{B81886FD-66F8-4DBC-BC28-C889B77C6493}"
	ProjectSection(ProjectDependencies) = postProject
		{CEFD5173-FE54-4E42-9F47-45909DA7E924} = {CEFD5173-FE54-4E42-9F47-45909DA7E924}
	EndProjectSection
EndProject
Project("{FAE04EC0-301F-11D3-BF4B-00C04F79EFBC}") = "SqlClient", "SqlClient\SqlClient.csproj", "{CEFD5173-FE54-4E42-9F47-45909DA7E924}"
EndProject
Global
	GlobalSection(SolutionConfigurationPlatforms) = preSolution
		Debug|Any CPU = Debug|Any CPU
		Release|Any CPU = Release|Any CPU
	EndGlobalSection
	GlobalSection(ProjectConfigurationPlatforms) = postSolution
		{B81886FD-66F8-4DBC-BC28-C889B77C6493}.Debug|Any CPU.ActiveCfg = Debug|Any CPU
		{B81886FD-66F8-4DBC-BC28-C889B77C6493}.Debug|Any CPU.Build.0 = Debug|Any CPU
		{B81886FD-66F8-4DBC-BC28-C889B77C6493}.Release|Any CPU.ActiveCfg = Release|Any CPU
		{B81886FD-66F8-4DBC-BC28-C889B77C6493}.Release|Any CPU.Build.0 = Release|Any CPU
		{CEFD5173-FE54-4E42-9F47-45909DA7E924}.Debug|Any CPU.ActiveCfg = Debug|Any CPU
		{CEFD5173-FE54-4E42-9F47-45909DA7E924}.Debug|Any CPU.Build.0 = Debug|Any CPU
		{CEFD5173-FE54-4E42-9F47-45909DA7E924}.Release|Any CPU.ActiveCfg = Release|Any CPU
		{CEFD5173-FE54-4E42-9F47-45909DA7E924}.Release|Any CPU.Build.0 = Release|Any CPU
	EndGlobalSection
	GlobalSection(SolutionProperties) = preSolution
		HideSolutionNode = FALSE
	EndGlobalSection
EndGlobal
